// !$*UTF8*$!
{
	archiveVersion = 1;
	classes = {
	};
	objectVersion = 56;
	objects = {

/* Begin PBXBuildFile section */
		840A47242B5263A0001127A5 /* AppDelegate.swift in Sources */ = {isa = PBXBuildFile; fileRef = 840A47232B5263A0001127A5 /* AppDelegate.swift */; };
		840A47262B5263A0001127A5 /* SceneDelegate.swift in Sources */ = {isa = PBXBuildFile; fileRef = 840A47252B5263A0001127A5 /* SceneDelegate.swift */; };
		840A47282B5263A0001127A5 /* GreetingScreenViewController.swift in Sources */ = {isa = PBXBuildFile; fileRef = 840A47272B5263A0001127A5 /* GreetingScreenViewController.swift */; };
		840A472B2B5263A0001127A5 /* Main.storyboard in Resources */ = {isa = PBXBuildFile; fileRef = 840A47292B5263A0001127A5 /* Main.storyboard */; };
		840A472D2B5263A1001127A5 /* Assets.xcassets in Resources */ = {isa = PBXBuildFile; fileRef = 840A472C2B5263A1001127A5 /* Assets.xcassets */; };
		840A47302B5263A1001127A5 /* LaunchScreen.storyboard in Resources */ = {isa = PBXBuildFile; fileRef = 840A472E2B5263A1001127A5 /* LaunchScreen.storyboard */; };
		840A473B2B5263A1001127A5 /* XCTest_APPTests.swift in Sources */ = {isa = PBXBuildFile; fileRef = 840A473A2B5263A1001127A5 /* XCTest_APPTests.swift */; };
		840A47452B5263A1001127A5 /* XCTest_APPUITests.swift in Sources */ = {isa = PBXBuildFile; fileRef = 840A47442B5263A1001127A5 /* XCTest_APPUITests.swift */; };
		840A47472B5263A1001127A5 /* XCTest_APPUITestsLaunchTests.swift in Sources */ = {isa = PBXBuildFile; fileRef = 840A47462B5263A1001127A5 /* XCTest_APPUITestsLaunchTests.swift */; };
		8465341F2B6152840034B8C6 /* SwitchersViewController.swift in Sources */ = {isa = PBXBuildFile; fileRef = 8465341E2B6152840034B8C6 /* SwitchersViewController.swift */; };
		84A8C4782B5FA4360099BE22 /* WebviewViewController.swift in Sources */ = {isa = PBXBuildFile; fileRef = 84A8C4772B5FA4360099BE22 /* WebviewViewController.swift */; };
		84A8C47D2B5FB3350099BE22 /* TextFieldsViewController.swift in Sources */ = {isa = PBXBuildFile; fileRef = 84A8C47C2B5FB3350099BE22 /* TextFieldsViewController.swift */; };
		84A8C47F2B5FCC760099BE22 /* AccessibilityIds.swift in Sources */ = {isa = PBXBuildFile; fileRef = 84A8C47E2B5FCC760099BE22 /* AccessibilityIds.swift */; };
		84A8C4802B5FCC760099BE22 /* AccessibilityIds.swift in Sources */ = {isa = PBXBuildFile; fileRef = 84A8C47E2B5FCC760099BE22 /* AccessibilityIds.swift */; };
		84A8C4812B5FCC760099BE22 /* AccessibilityIds.swift in Sources */ = {isa = PBXBuildFile; fileRef = 84A8C47E2B5FCC760099BE22 /* AccessibilityIds.swift */; };
		84A9A6D22B53B08300CDA762 /* MenuViewController.swift in Sources */ = {isa = PBXBuildFile; fileRef = 84A9A6D12B53B08300CDA762 /* MenuViewController.swift */; };
		84AE35C02B58EA240090F2BD /* DatePickerViewController.swift in Sources */ = {isa = PBXBuildFile; fileRef = 84AE35BF2B58EA240090F2BD /* DatePickerViewController.swift */; };
/* End PBXBuildFile section */

/* Begin PBXContainerItemProxy section */
		840A47372B5263A1001127A5 /* PBXContainerItemProxy */ = {
			isa = PBXContainerItemProxy;
			containerPortal = 840A47182B5263A0001127A5 /* Project object */;
			proxyType = 1;
			remoteGlobalIDString = 840A471F2B5263A0001127A5;
			remoteInfo = "XCTest APP";
		};
		840A47412B5263A1001127A5 /* PBXContainerItemProxy */ = {
			isa = PBXContainerItemProxy;
			containerPortal = 840A47182B5263A0001127A5 /* Project object */;
			proxyType = 1;
			remoteGlobalIDString = 840A471F2B5263A0001127A5;
			remoteInfo = "XCTest APP";
		};
/* End PBXContainerItemProxy section */

/* Begin PBXFileReference section */
		840A47202B5263A0001127A5 /* XCTest APP.app */ = {isa = PBXFileReference; explicitFileType = wrapper.application; includeInIndex = 0; path = "XCTest APP.app"; sourceTree = BUILT_PRODUCTS_DIR; };
		840A47232B5263A0001127A5 /* AppDelegate.swift */ = {isa = PBXFileReference; lastKnownFileType = sourcecode.swift; path = AppDelegate.swift; sourceTree = "<group>"; };
		840A47252B5263A0001127A5 /* SceneDelegate.swift */ = {isa = PBXFileReference; lastKnownFileType = sourcecode.swift; path = SceneDelegate.swift; sourceTree = "<group>"; };
		840A47272B5263A0001127A5 /* GreetingScreenViewController.swift */ = {isa = PBXFileReference; lastKnownFileType = sourcecode.swift; path = GreetingScreenViewController.swift; sourceTree = "<group>"; };
		840A472A2B5263A0001127A5 /* Base */ = {isa = PBXFileReference; lastKnownFileType = file.storyboard; name = Base; path = Base.lproj/Main.storyboard; sourceTree = "<group>"; };
		840A472C2B5263A1001127A5 /* Assets.xcassets */ = {isa = PBXFileReference; lastKnownFileType = folder.assetcatalog; path = Assets.xcassets; sourceTree = "<group>"; };
		840A472F2B5263A1001127A5 /* Base */ = {isa = PBXFileReference; lastKnownFileType = file.storyboard; name = Base; path = Base.lproj/LaunchScreen.storyboard; sourceTree = "<group>"; };
		840A47312B5263A1001127A5 /* Info.plist */ = {isa = PBXFileReference; lastKnownFileType = text.plist.xml; path = Info.plist; sourceTree = "<group>"; };
		840A47362B5263A1001127A5 /* XCTest APPTests.xctest */ = {isa = PBXFileReference; explicitFileType = wrapper.cfbundle; includeInIndex = 0; path = "XCTest APPTests.xctest"; sourceTree = BUILT_PRODUCTS_DIR; };
		840A473A2B5263A1001127A5 /* XCTest_APPTests.swift */ = {isa = PBXFileReference; lastKnownFileType = sourcecode.swift; path = XCTest_APPTests.swift; sourceTree = "<group>"; };
		840A47402B5263A1001127A5 /* XCTest APPUITests.xctest */ = {isa = PBXFileReference; explicitFileType = wrapper.cfbundle; includeInIndex = 0; path = "XCTest APPUITests.xctest"; sourceTree = BUILT_PRODUCTS_DIR; };
		840A47442B5263A1001127A5 /* XCTest_APPUITests.swift */ = {isa = PBXFileReference; lastKnownFileType = sourcecode.swift; path = XCTest_APPUITests.swift; sourceTree = "<group>"; };
		840A47462B5263A1001127A5 /* XCTest_APPUITestsLaunchTests.swift */ = {isa = PBXFileReference; lastKnownFileType = sourcecode.swift; path = XCTest_APPUITestsLaunchTests.swift; sourceTree = "<group>"; };
		8465341E2B6152840034B8C6 /* SwitchersViewController.swift */ = {isa = PBXFileReference; lastKnownFileType = sourcecode.swift; path = SwitchersViewController.swift; sourceTree = "<group>"; };
		84A8C4772B5FA4360099BE22 /* WebviewViewController.swift */ = {isa = PBXFileReference; lastKnownFileType = sourcecode.swift; path = WebviewViewController.swift; sourceTree = "<group>"; };
		84A8C47C2B5FB3350099BE22 /* TextFieldsViewController.swift */ = {isa = PBXFileReference; lastKnownFileType = sourcecode.swift; path = TextFieldsViewController.swift; sourceTree = "<group>"; };
		84A8C47E2B5FCC760099BE22 /* AccessibilityIds.swift */ = {isa = PBXFileReference; lastKnownFileType = sourcecode.swift; path = AccessibilityIds.swift; sourceTree = "<group>"; };
		84A9A6D12B53B08300CDA762 /* MenuViewController.swift */ = {isa = PBXFileReference; lastKnownFileType = sourcecode.swift; path = MenuViewController.swift; sourceTree = "<group>"; };
		84AE35BF2B58EA240090F2BD /* DatePickerViewController.swift */ = {isa = PBXFileReference; lastKnownFileType = sourcecode.swift; path = DatePickerViewController.swift; sourceTree = "<group>"; };
/* End PBXFileReference section */

/* Begin PBXFrameworksBuildPhase section */
		840A471D2B5263A0001127A5 /* Frameworks */ = {
			isa = PBXFrameworksBuildPhase;
			buildActionMask = 2147483647;
			files = (
			);
			runOnlyForDeploymentPostprocessing = 0;
		};
		840A47332B5263A1001127A5 /* Frameworks */ = {
			isa = PBXFrameworksBuildPhase;
			buildActionMask = 2147483647;
			files = (
			);
			runOnlyForDeploymentPostprocessing = 0;
		};
		840A473D2B5263A1001127A5 /* Frameworks */ = {
			isa = PBXFrameworksBuildPhase;
			buildActionMask = 2147483647;
			files = (
			);
			runOnlyForDeploymentPostprocessing = 0;
		};
/* End PBXFrameworksBuildPhase section */

/* Begin PBXGroup section */
		840A47172B5263A0001127A5 = {
			isa = PBXGroup;
			children = (
				840A47222B5263A0001127A5 /* XCTest APP */,
				840A47392B5263A1001127A5 /* XCTest APPTests */,
				840A47432B5263A1001127A5 /* XCTest APPUITests */,
				840A47212B5263A0001127A5 /* Products */,
			);
			sourceTree = "<group>";
		};
		840A47212B5263A0001127A5 /* Products */ = {
			isa = PBXGroup;
			children = (
				840A47202B5263A0001127A5 /* XCTest APP.app */,
				840A47362B5263A1001127A5 /* XCTest APPTests.xctest */,
				840A47402B5263A1001127A5 /* XCTest APPUITests.xctest */,
			);
			name = Products;
			sourceTree = "<group>";
		};
		840A47222B5263A0001127A5 /* XCTest APP */ = {
			isa = PBXGroup;
			children = (
				840A47232B5263A0001127A5 /* AppDelegate.swift */,
				840A47252B5263A0001127A5 /* SceneDelegate.swift */,
				84A8C47B2B5FB1A40099BE22 /* ViewControllers */,
				840A47292B5263A0001127A5 /* Main.storyboard */,
				840A472C2B5263A1001127A5 /* Assets.xcassets */,
				840A472E2B5263A1001127A5 /* LaunchScreen.storyboard */,
				840A47312B5263A1001127A5 /* Info.plist */,
				84A8C47E2B5FCC760099BE22 /* AccessibilityIds.swift */,
			);
			path = "XCTest APP";
			sourceTree = "<group>";
		};
		840A47392B5263A1001127A5 /* XCTest APPTests */ = {
			isa = PBXGroup;
			children = (
				840A473A2B5263A1001127A5 /* XCTest_APPTests.swift */,
			);
			path = "XCTest APPTests";
			sourceTree = "<group>";
		};
		840A47432B5263A1001127A5 /* XCTest APPUITests */ = {
			isa = PBXGroup;
			children = (
				840A47442B5263A1001127A5 /* XCTest_APPUITests.swift */,
				840A47462B5263A1001127A5 /* XCTest_APPUITestsLaunchTests.swift */,
			);
			path = "XCTest APPUITests";
			sourceTree = "<group>";
		};
		84A8C47B2B5FB1A40099BE22 /* ViewControllers */ = {
			isa = PBXGroup;
			children = (
				84A8C4772B5FA4360099BE22 /* WebviewViewController.swift */,
				840A47272B5263A0001127A5 /* GreetingScreenViewController.swift */,
				84AE35BF2B58EA240090F2BD /* DatePickerViewController.swift */,
				84A9A6D12B53B08300CDA762 /* MenuViewController.swift */,
				84A8C47C2B5FB3350099BE22 /* TextFieldsViewController.swift */,
				8465341E2B6152840034B8C6 /* SwitchersViewController.swift */,
			);
			path = ViewControllers;
			sourceTree = "<group>";
		};
/* End PBXGroup section */

/* Begin PBXNativeTarget section */
		840A471F2B5263A0001127A5 /* XCTest APP */ = {
			isa = PBXNativeTarget;
			buildConfigurationList = 840A474A2B5263A1001127A5 /* Build configuration list for PBXNativeTarget "XCTest APP" */;
			buildPhases = (
				840A471C2B5263A0001127A5 /* Sources */,
				840A471D2B5263A0001127A5 /* Frameworks */,
				840A471E2B5263A0001127A5 /* Resources */,
			);
			buildRules = (
			);
			dependencies = (
			);
			name = "XCTest APP";
			productName = "XCTest APP";
			productReference = 840A47202B5263A0001127A5 /* XCTest APP.app */;
			productType = "com.apple.product-type.application";
		};
		840A47352B5263A1001127A5 /* XCTest APPTests */ = {
			isa = PBXNativeTarget;
			buildConfigurationList = 840A474D2B5263A1001127A5 /* Build configuration list for PBXNativeTarget "XCTest APPTests" */;
			buildPhases = (
				840A47322B5263A1001127A5 /* Sources */,
				840A47332B5263A1001127A5 /* Frameworks */,
				840A47342B5263A1001127A5 /* Resources */,
			);
			buildRules = (
			);
			dependencies = (
				840A47382B5263A1001127A5 /* PBXTargetDependency */,
			);
			name = "XCTest APPTests";
			productName = "XCTest APPTests";
			productReference = 840A47362B5263A1001127A5 /* XCTest APPTests.xctest */;
			productType = "com.apple.product-type.bundle.unit-test";
		};
		840A473F2B5263A1001127A5 /* XCTest APPUITests */ = {
			isa = PBXNativeTarget;
			buildConfigurationList = 840A47502B5263A1001127A5 /* Build configuration list for PBXNativeTarget "XCTest APPUITests" */;
			buildPhases = (
				840A473C2B5263A1001127A5 /* Sources */,
				840A473D2B5263A1001127A5 /* Frameworks */,
				840A473E2B5263A1001127A5 /* Resources */,
			);
			buildRules = (
			);
			dependencies = (
				840A47422B5263A1001127A5 /* PBXTargetDependency */,
			);
			name = "XCTest APPUITests";
			productName = "XCTest APPUITests";
			productReference = 840A47402B5263A1001127A5 /* XCTest APPUITests.xctest */;
			productType = "com.apple.product-type.bundle.ui-testing";
		};
/* End PBXNativeTarget section */

/* Begin PBXProject section */
		840A47182B5263A0001127A5 /* Project object */ = {
			isa = PBXProject;
			attributes = {
				BuildIndependentTargetsInParallel = 1;
				LastSwiftUpdateCheck = 1430;
				LastUpgradeCheck = 1430;
				TargetAttributes = {
					840A471F2B5263A0001127A5 = {
						CreatedOnToolsVersion = 14.3.1;
					};
					840A47352B5263A1001127A5 = {
						CreatedOnToolsVersion = 14.3.1;
						TestTargetID = 840A471F2B5263A0001127A5;
					};
					840A473F2B5263A1001127A5 = {
						CreatedOnToolsVersion = 14.3.1;
						TestTargetID = 840A471F2B5263A0001127A5;
					};
				};
			};
			buildConfigurationList = 840A471B2B5263A0001127A5 /* Build configuration list for PBXProject "XCTest APP" */;
			compatibilityVersion = "Xcode 14.0";
			developmentRegion = en;
			hasScannedForEncodings = 0;
			knownRegions = (
				en,
				Base,
			);
			mainGroup = 840A47172B5263A0001127A5;
			productRefGroup = 840A47212B5263A0001127A5 /* Products */;
			projectDirPath = "";
			projectRoot = "";
			targets = (
				840A471F2B5263A0001127A5 /* XCTest APP */,
				840A47352B5263A1001127A5 /* XCTest APPTests */,
				840A473F2B5263A1001127A5 /* XCTest APPUITests */,
			);
		};
/* End PBXProject section */

/* Begin PBXResourcesBuildPhase section */
		840A471E2B5263A0001127A5 /* Resources */ = {
			isa = PBXResourcesBuildPhase;
			buildActionMask = 2147483647;
			files = (
				840A47302B5263A1001127A5 /* LaunchScreen.storyboard in Resources */,
				840A472D2B5263A1001127A5 /* Assets.xcassets in Resources */,
				840A472B2B5263A0001127A5 /* Main.storyboard in Resources */,
			);
			runOnlyForDeploymentPostprocessing = 0;
		};
		840A47342B5263A1001127A5 /* Resources */ = {
			isa = PBXResourcesBuildPhase;
			buildActionMask = 2147483647;
			files = (
			);
			runOnlyForDeploymentPostprocessing = 0;
		};
		840A473E2B5263A1001127A5 /* Resources */ = {
			isa = PBXResourcesBuildPhase;
			buildActionMask = 2147483647;
			files = (
			);
			runOnlyForDeploymentPostprocessing = 0;
		};
/* End PBXResourcesBuildPhase section */

/* Begin PBXSourcesBuildPhase section */
		840A471C2B5263A0001127A5 /* Sources */ = {
			isa = PBXSourcesBuildPhase;
			buildActionMask = 2147483647;
			files = (
				84A8C4782B5FA4360099BE22 /* WebviewViewController.swift in Sources */,
				84A9A6D22B53B08300CDA762 /* MenuViewController.swift in Sources */,
				84AE35C02B58EA240090F2BD /* DatePickerViewController.swift in Sources */,
				840A47282B5263A0001127A5 /* GreetingScreenViewController.swift in Sources */,
				8465341F2B6152840034B8C6 /* SwitchersViewController.swift in Sources */,
				84A8C47D2B5FB3350099BE22 /* TextFieldsViewController.swift in Sources */,
				840A47242B5263A0001127A5 /* AppDelegate.swift in Sources */,
				840A47262B5263A0001127A5 /* SceneDelegate.swift in Sources */,
				84A8C47F2B5FCC760099BE22 /* AccessibilityIds.swift in Sources */,
			);
			runOnlyForDeploymentPostprocessing = 0;
		};
		840A47322B5263A1001127A5 /* Sources */ = {
			isa = PBXSourcesBuildPhase;
			buildActionMask = 2147483647;
			files = (
				840A473B2B5263A1001127A5 /* XCTest_APPTests.swift in Sources */,
				84A8C4802B5FCC760099BE22 /* AccessibilityIds.swift in Sources */,
			);
			runOnlyForDeploymentPostprocessing = 0;
		};
		840A473C2B5263A1001127A5 /* Sources */ = {
			isa = PBXSourcesBuildPhase;
			buildActionMask = 2147483647;
			files = (
				84A8C4812B5FCC760099BE22 /* AccessibilityIds.swift in Sources */,
				840A47452B5263A1001127A5 /* XCTest_APPUITests.swift in Sources */,
				840A47472B5263A1001127A5 /* XCTest_APPUITestsLaunchTests.swift in Sources */,
			);
			runOnlyForDeploymentPostprocessing = 0;
		};
/* End PBXSourcesBuildPhase section */

/* Begin PBXTargetDependency section */
		840A47382B5263A1001127A5 /* PBXTargetDependency */ = {
			isa = PBXTargetDependency;
			target = 840A471F2B5263A0001127A5 /* XCTest APP */;
			targetProxy = 840A47372B5263A1001127A5 /* PBXContainerItemProxy */;
		};
		840A47422B5263A1001127A5 /* PBXTargetDependency */ = {
			isa = PBXTargetDependency;
			target = 840A471F2B5263A0001127A5 /* XCTest APP */;
			targetProxy = 840A47412B5263A1001127A5 /* PBXContainerItemProxy */;
		};
/* End PBXTargetDependency section */

/* Begin PBXVariantGroup section */
		840A47292B5263A0001127A5 /* Main.storyboard */ = {
			isa = PBXVariantGroup;
			children = (
				840A472A2B5263A0001127A5 /* Base */,
			);
			name = Main.storyboard;
			sourceTree = "<group>";
		};
		840A472E2B5263A1001127A5 /* LaunchScreen.storyboard */ = {
			isa = PBXVariantGroup;
			children = (
				840A472F2B5263A1001127A5 /* Base */,
			);
			name = LaunchScreen.storyboard;
			sourceTree = "<group>";
		};
/* End PBXVariantGroup section */

/* Begin XCBuildConfiguration section */
		840A47482B5263A1001127A5 /* Debug */ = {
			isa = XCBuildConfiguration;
			buildSettings = {
				ALWAYS_SEARCH_USER_PATHS = NO;
				CLANG_ANALYZER_NONNULL = YES;
				CLANG_ANALYZER_NUMBER_OBJECT_CONVERSION = YES_AGGRESSIVE;
				CLANG_CXX_LANGUAGE_STANDARD = "gnu++20";
				CLANG_ENABLE_MODULES = YES;
				CLANG_ENABLE_OBJC_ARC = YES;
				CLANG_ENABLE_OBJC_WEAK = YES;
				CLANG_WARN_BLOCK_CAPTURE_AUTORELEASING = YES;
				CLANG_WARN_BOOL_CONVERSION = YES;
				CLANG_WARN_COMMA = YES;
				CLANG_WARN_CONSTANT_CONVERSION = YES;
				CLANG_WARN_DEPRECATED_OBJC_IMPLEMENTATIONS = YES;
				CLANG_WARN_DIRECT_OBJC_ISA_USAGE = YES_ERROR;
				CLANG_WARN_DOCUMENTATION_COMMENTS = YES;
				CLANG_WARN_EMPTY_BODY = YES;
				CLANG_WARN_ENUM_CONVERSION = YES;
				CLANG_WARN_INFINITE_RECURSION = YES;
				CLANG_WARN_INT_CONVERSION = YES;
				CLANG_WARN_NON_LITERAL_NULL_CONVERSION = YES;
				CLANG_WARN_OBJC_IMPLICIT_RETAIN_SELF = YES;
				CLANG_WARN_OBJC_LITERAL_CONVERSION = YES;
				CLANG_WARN_OBJC_ROOT_CLASS = YES_ERROR;
				CLANG_WARN_QUOTED_INCLUDE_IN_FRAMEWORK_HEADER = YES;
				CLANG_WARN_RANGE_LOOP_ANALYSIS = YES;
				CLANG_WARN_STRICT_PROTOTYPES = YES;
				CLANG_WARN_SUSPICIOUS_MOVE = YES;
				CLANG_WARN_UNGUARDED_AVAILABILITY = YES_AGGRESSIVE;
				CLANG_WARN_UNREACHABLE_CODE = YES;
				CLANG_WARN__DUPLICATE_METHOD_MATCH = YES;
				COPY_PHASE_STRIP = NO;
				DEBUG_INFORMATION_FORMAT = dwarf;
				ENABLE_STRICT_OBJC_MSGSEND = YES;
				ENABLE_TESTABILITY = YES;
				GCC_C_LANGUAGE_STANDARD = gnu11;
				GCC_DYNAMIC_NO_PIC = NO;
				GCC_NO_COMMON_BLOCKS = YES;
				GCC_OPTIMIZATION_LEVEL = 0;
				GCC_PREPROCESSOR_DEFINITIONS = (
					"DEBUG=1",
					"$(inherited)",
				);
				GCC_WARN_64_TO_32_BIT_CONVERSION = YES;
				GCC_WARN_ABOUT_RETURN_TYPE = YES_ERROR;
				GCC_WARN_UNDECLARED_SELECTOR = YES;
				GCC_WARN_UNINITIALIZED_AUTOS = YES_AGGRESSIVE;
				GCC_WARN_UNUSED_FUNCTION = YES;
				GCC_WARN_UNUSED_VARIABLE = YES;
				IPHONEOS_DEPLOYMENT_TARGET = 16.4;
				MTL_ENABLE_DEBUG_INFO = INCLUDE_SOURCE;
				MTL_FAST_MATH = YES;
				ONLY_ACTIVE_ARCH = YES;
				SDKROOT = iphoneos;
				SWIFT_ACTIVE_COMPILATION_CONDITIONS = DEBUG;
				SWIFT_OPTIMIZATION_LEVEL = "-Onone";
			};
			name = Debug;
		};
		840A47492B5263A1001127A5 /* Release */ = {
			isa = XCBuildConfiguration;
			buildSettings = {
				ALWAYS_SEARCH_USER_PATHS = NO;
				CLANG_ANALYZER_NONNULL = YES;
				CLANG_ANALYZER_NUMBER_OBJECT_CONVERSION = YES_AGGRESSIVE;
				CLANG_CXX_LANGUAGE_STANDARD = "gnu++20";
				CLANG_ENABLE_MODULES = YES;
				CLANG_ENABLE_OBJC_ARC = YES;
				CLANG_ENABLE_OBJC_WEAK = YES;
				CLANG_WARN_BLOCK_CAPTURE_AUTORELEASING = YES;
				CLANG_WARN_BOOL_CONVERSION = YES;
				CLANG_WARN_COMMA = YES;
				CLANG_WARN_CONSTANT_CONVERSION = YES;
				CLANG_WARN_DEPRECATED_OBJC_IMPLEMENTATIONS = YES;
				CLANG_WARN_DIRECT_OBJC_ISA_USAGE = YES_ERROR;
				CLANG_WARN_DOCUMENTATION_COMMENTS = YES;
				CLANG_WARN_EMPTY_BODY = YES;
				CLANG_WARN_ENUM_CONVERSION = YES;
				CLANG_WARN_INFINITE_RECURSION = YES;
				CLANG_WARN_INT_CONVERSION = YES;
				CLANG_WARN_NON_LITERAL_NULL_CONVERSION = YES;
				CLANG_WARN_OBJC_IMPLICIT_RETAIN_SELF = YES;
				CLANG_WARN_OBJC_LITERAL_CONVERSION = YES;
				CLANG_WARN_OBJC_ROOT_CLASS = YES_ERROR;
				CLANG_WARN_QUOTED_INCLUDE_IN_FRAMEWORK_HEADER = YES;
				CLANG_WARN_RANGE_LOOP_ANALYSIS = YES;
				CLANG_WARN_STRICT_PROTOTYPES = YES;
				CLANG_WARN_SUSPICIOUS_MOVE = YES;
				CLANG_WARN_UNGUARDED_AVAILABILITY = YES_AGGRESSIVE;
				CLANG_WARN_UNREACHABLE_CODE = YES;
				CLANG_WARN__DUPLICATE_METHOD_MATCH = YES;
				COPY_PHASE_STRIP = NO;
				DEBUG_INFORMATION_FORMAT = "dwarf-with-dsym";
				ENABLE_NS_ASSERTIONS = NO;
				ENABLE_STRICT_OBJC_MSGSEND = YES;
				GCC_C_LANGUAGE_STANDARD = gnu11;
				GCC_NO_COMMON_BLOCKS = YES;
				GCC_WARN_64_TO_32_BIT_CONVERSION = YES;
				GCC_WARN_ABOUT_RETURN_TYPE = YES_ERROR;
				GCC_WARN_UNDECLARED_SELECTOR = YES;
				GCC_WARN_UNINITIALIZED_AUTOS = YES_AGGRESSIVE;
				GCC_WARN_UNUSED_FUNCTION = YES;
				GCC_WARN_UNUSED_VARIABLE = YES;
				IPHONEOS_DEPLOYMENT_TARGET = 16.4;
				MTL_ENABLE_DEBUG_INFO = NO;
				MTL_FAST_MATH = YES;
				SDKROOT = iphoneos;
				SWIFT_COMPILATION_MODE = wholemodule;
				SWIFT_OPTIMIZATION_LEVEL = "-O";
				VALIDATE_PRODUCT = YES;
			};
			name = Release;
		};
		840A474B2B5263A1001127A5 /* Debug */ = {
			isa = XCBuildConfiguration;
			buildSettings = {
				ASSETCATALOG_COMPILER_APPICON_NAME = AppIcon;
				ASSETCATALOG_COMPILER_GLOBAL_ACCENT_COLOR_NAME = AccentColor;
				CODE_SIGN_STYLE = Automatic;
				CURRENT_PROJECT_VERSION = 1;
				DEVELOPMENT_TEAM = GF47RD5535;
				GENERATE_INFOPLIST_FILE = YES;
				INFOPLIST_FILE = "XCTest APP/Info.plist";
				INFOPLIST_KEY_UIApplicationSupportsIndirectInputEvents = YES;
				INFOPLIST_KEY_UILaunchStoryboardName = LaunchScreen;
				INFOPLIST_KEY_UIMainStoryboardFile = Main;
				INFOPLIST_KEY_UISupportedInterfaceOrientations_iPad = "UIInterfaceOrientationPortrait UIInterfaceOrientationPortraitUpsideDown UIInterfaceOrientationLandscapeLeft UIInterfaceOrientationLandscapeRight";
				INFOPLIST_KEY_UISupportedInterfaceOrientations_iPhone = "UIInterfaceOrientationPortrait UIInterfaceOrientationLandscapeLeft UIInterfaceOrientationLandscapeRight";
				LD_RUNPATH_SEARCH_PATHS = (
					"$(inherited)",
					"@executable_path/Frameworks",
				);
				MARKETING_VERSION = 1.0;
				PRODUCT_BUNDLE_IDENTIFIER = "Matashnev-Pavel.XCTest-APP";
				PRODUCT_NAME = "$(TARGET_NAME)";
				SWIFT_EMIT_LOC_STRINGS = YES;
				SWIFT_VERSION = 4.2;
				TARGETED_DEVICE_FAMILY = 1;
			};
			name = Debug;
		};
		840A474C2B5263A1001127A5 /* Release */ = {
			isa = XCBuildConfiguration;
			buildSettings = {
				ASSETCATALOG_COMPILER_APPICON_NAME = AppIcon;
				ASSETCATALOG_COMPILER_GLOBAL_ACCENT_COLOR_NAME = AccentColor;
				CODE_SIGN_STYLE = Automatic;
				CURRENT_PROJECT_VERSION = 1;
				DEVELOPMENT_TEAM = GF47RD5535;
				GENERATE_INFOPLIST_FILE = YES;
				INFOPLIST_FILE = "XCTest APP/Info.plist";
				INFOPLIST_KEY_UIApplicationSupportsIndirectInputEvents = YES;
				INFOPLIST_KEY_UILaunchStoryboardName = LaunchScreen;
				INFOPLIST_KEY_UIMainStoryboardFile = Main;
				INFOPLIST_KEY_UISupportedInterfaceOrientations_iPad = "UIInterfaceOrientationPortrait UIInterfaceOrientationPortraitUpsideDown UIInterfaceOrientationLandscapeLeft UIInterfaceOrientationLandscapeRight";
				INFOPLIST_KEY_UISupportedInterfaceOrientations_iPhone = "UIInterfaceOrientationPortrait UIInterfaceOrientationLandscapeLeft UIInterfaceOrientationLandscapeRight";
				LD_RUNPATH_SEARCH_PATHS = (
					"$(inherited)",
					"@executable_path/Frameworks",
				);
				MARKETING_VERSION = 1.0;
				PRODUCT_BUNDLE_IDENTIFIER = "Matashnev-Pavel.XCTest-APP";
				PRODUCT_NAME = "$(TARGET_NAME)";
				SWIFT_EMIT_LOC_STRINGS = YES;
				SWIFT_VERSION = 4.2;
				TARGETED_DEVICE_FAMILY = 1;
			};
			name = Release;
		};
		840A474E2B5263A1001127A5 /* Debug */ = {
			isa = XCBuildConfiguration;
			buildSettings = {
				ALWAYS_EMBED_SWIFT_STANDARD_LIBRARIES = YES;
				BUNDLE_LOADER = "$(TEST_HOST)";
				CODE_SIGN_STYLE = Automatic;
				CURRENT_PROJECT_VERSION = 1;
				DEVELOPMENT_TEAM = GF47RD5535;
				GENERATE_INFOPLIST_FILE = YES;
				IPHONEOS_DEPLOYMENT_TARGET = 16.4;
				MARKETING_VERSION = 1.0;
				PRODUCT_BUNDLE_IDENTIFIER = "Matashnev-Pavel.XCTest-APPTests";
				PRODUCT_NAME = "$(TARGET_NAME)";
				SWIFT_EMIT_LOC_STRINGS = NO;
				SWIFT_VERSION = 5.0;
				TARGETED_DEVICE_FAMILY = "1,2";
				TEST_HOST = "$(BUILT_PRODUCTS_DIR)/XCTest APP.app/$(BUNDLE_EXECUTABLE_FOLDER_PATH)/XCTest APP";
			};
			name = Debug;
		};
		840A474F2B5263A1001127A5 /* Release */ = {
			isa = XCBuildConfiguration;
			buildSettings = {
				ALWAYS_EMBED_SWIFT_STANDARD_LIBRARIES = YES;
				BUNDLE_LOADER = "$(TEST_HOST)";
				CODE_SIGN_STYLE = Automatic;
				CURRENT_PROJECT_VERSION = 1;
				DEVELOPMENT_TEAM = GF47RD5535;
				GENERATE_INFOPLIST_FILE = YES;
				IPHONEOS_DEPLOYMENT_TARGET = 16.4;
				MARKETING_VERSION = 1.0;
				PRODUCT_BUNDLE_IDENTIFIER = "Matashnev-Pavel.XCTest-APPTests";
				PRODUCT_NAME = "$(TARGET_NAME)";
				SWIFT_EMIT_LOC_STRINGS = NO;
				SWIFT_VERSION = 5.0;
				TARGETED_DEVICE_FAMILY = "1,2";
				TEST_HOST = "$(BUILT_PRODUCTS_DIR)/XCTest APP.app/$(BUNDLE_EXECUTABLE_FOLDER_PATH)/XCTest APP";
			};
			name = Release;
		};
		840A47512B5263A1001127A5 /* Debug */ = {
			isa = XCBuildConfiguration;
			buildSettings = {
				ALWAYS_EMBED_SWIFT_STANDARD_LIBRARIES = YES;
				CODE_SIGN_STYLE = Automatic;
				CURRENT_PROJECT_VERSION = 1;
				DEVELOPMENT_TEAM = GF47RD5535;
				GENERATE_INFOPLIST_FILE = YES;
				MARKETING_VERSION = 1.0;
				PRODUCT_BUNDLE_IDENTIFIER = "Matashnev-Pavel.XCTest-APPUITests";
				PRODUCT_NAME = "$(TARGET_NAME)";
				SWIFT_EMIT_LOC_STRINGS = NO;
				SWIFT_VERSION = 5.0;
				TARGETED_DEVICE_FAMILY = "1,2";
				TEST_TARGET_NAME = "XCTest APP";
			};
			name = Debug;
		};
		840A47522B5263A1001127A5 /* Release */ = {
			isa = XCBuildConfiguration;
			buildSettings = {
				ALWAYS_EMBED_SWIFT_STANDARD_LIBRARIES = YES;
				CODE_SIGN_STYLE = Automatic;
				CURRENT_PROJECT_VERSION = 1;
				DEVELOPMENT_TEAM = GF47RD5535;
				GENERATE_INFOPLIST_FILE = YES;
				MARKETING_VERSION = 1.0;
				PRODUCT_BUNDLE_IDENTIFIER = "Matashnev-Pavel.XCTest-APPUITests";
				PRODUCT_NAME = "$(TARGET_NAME)";
				SWIFT_EMIT_LOC_STRINGS = NO;
				SWIFT_VERSION = 5.0;
				TARGETED_DEVICE_FAMILY = "1,2";
				TEST_TARGET_NAME = "XCTest APP";
			};
			name = Release;
		};
/* End XCBuildConfiguration section */

/* Begin XCConfigurationList section */
		840A471B2B5263A0001127A5 /* Build configuration list for PBXProject "XCTest APP" */ = {
			isa = XCConfigurationList;
			buildConfigurations = (
				840A47482B5263A1001127A5 /* Debug */,
				840A47492B5263A1001127A5 /* Release */,
			);
			defaultConfigurationIsVisible = 0;
			defaultConfigurationName = Release;
		};
		840A474A2B5263A1001127A5 /* Build configuration list for PBXNativeTarget "XCTest APP" */ = {
			isa = XCConfigurationList;
			buildConfigurations = (
				840A474B2B5263A1001127A5 /* Debug */,
				840A474C2B5263A1001127A5 /* Release */,
			);
			defaultConfigurationIsVisible = 0;
			defaultConfigurationName = Release;
		};
		840A474D2B5263A1001127A5 /* Build configuration list for PBXNativeTarget "XCTest APPTests" */ = {
			isa = XCConfigurationList;
			buildConfigurations = (
				840A474E2B5263A1001127A5 /* Debug */,
				840A474F2B5263A1001127A5 /* Release */,
			);
			defaultConfigurationIsVisible = 0;
			defaultConfigurationName = Release;
		};
		840A47502B5263A1001127A5 /* Build configuration list for PBXNativeTarget "XCTest APPUITests" */ = {
			isa = XCConfigurationList;
			buildConfigurations = (
				840A47512B5263A1001127A5 /* Debug */,
				840A47522B5263A1001127A5 /* Release */,
			);
			defaultConfigurationIsVisible = 0;
			defaultConfigurationName = Release;
		};
/* End XCConfigurationList section */
	};
	rootObject = 840A47182B5263A0001127A5 /* Project object */;
}
